
Microsoft Visual Studio Solution File, Format Version 12.00
# Visual Studio Version 16
VisualStudioVersion = 16.0.31402.337
MinimumVisualStudioVersion = 10.0.40219.1
Project("{FAE04EC0-301F-11D3-BF4B-00C04F79EFBC}") = "Lab03", "Lab03\Lab03.csproj", "{7309E835-E16F-46A9-B995-CDFC0A762D47}"
EndProject
Global
	GlobalSection(SolutionConfigurationPlatforms) = preSolution
		Debug|Any CPU = Debug|Any CPU
		Release|Any CPU = Release|Any CPU
	EndGlobalSection
	GlobalSection(ProjectConfigurationPlatforms) = postSolution
		{7309E835-E16F-46A9-B995-CDFC0A762D47}.Debug|Any CPU.ActiveCfg = Debug|Any CPU
		{7309E835-E16F-46A9-B995-CDFC0A762D47}.Debug|Any CPU.Build.0 = Debug|Any CPU
		{7309E835-E16F-46A9-B995-CDFC0A762D47}.Release|Any CPU.ActiveCfg = Release|Any CPU
		{7309E835-E16F-46A9-B995-CDFC0A762D47}.Release|Any CPU.Build.0 = Release|Any CPU
	EndGlobalSection
	GlobalSection(SolutionProperties) = preSolution
		HideSolutionNode = FALSE
	EndGlobalSection
	GlobalSection(ExtensibilityGlobals) = postSolution
		SolutionGuid = {19C6BC3C-5D61-4BEE-8B5C-3A2D033E56D7}
	EndGlobalSection
EndGlobal
